Microsoft Visual Studio Solution File, Format Version 12.00
# Visual Studio 15
VisualStudioVersion = 15.0.28307.1000
MinimumVisualStudioVersion = 10.0.40219.1
Project("{8BC9CEB8-8B4A-11D0-8D11-00A0C91BC942}") = "snes9x", "snes9xw.vcxproj", "{B86059D8-C9A6-46BE-8FBA-3170C54F1DFD}"
EndProject
Project("{8BC9CEB8-8B4A-11D0-8D11-00A0C91BC942}") = "libpng", "libpng\libpng.vcxproj", "{95804E5F-B69E-4E2A-925E-52FAFC19EDBF}"
EndProject
Project("{8BC9CEB8-8B4A-11D0-8D11-00A0C91BC942}") = "zlib", "zlib\zlib.vcxproj", "{99E9817A-4605-44AF-8433-7048F0EC1859}"
EndProject
Global
	GlobalSection(SolutionConfigurationPlatforms) = preSolution
		C core (Deprecated)|Win32 = C core (Deprecated)|Win32
		Debug|Win32 = Debug|Win32
		Release FastBuild|Win32 = Release FastBuild|Win32
		Release|Win32 = Release|Win32
	EndGlobalSection
	GlobalSection(ProjectConfigurationPlatforms) = postSolution
		{B86059D8-C9A6-46BE-8FBA-3170C54F1DFD}.C core (Deprecated)|Win32.ActiveCfg = C core (Deprecated)|Win32
		{B86059D8-C9A6-46BE-8FBA-3170C54F1DFD}.C core (Deprecated)|Win32.Build.0 = C core (Deprecated)|Win32
		{B86059D8-C9A6-46BE-8FBA-3170C54F1DFD}.Debug|Win32.ActiveCfg = Debug|Win32
		{B86059D8-C9A6-46BE-8FBA-3170C54F1DFD}.Debug|Win32.Build.0 = Debug|Win32
		{B86059D8-C9A6-46BE-8FBA-3170C54F1DFD}.Release FastBuild|Win32.ActiveCfg = Release FastBuild|Win32
		{B86059D8-C9A6-46BE-8FBA-3170C54F1DFD}.Release FastBuild|Win32.Build.0 = Release FastBuild|Win32
		{B86059D8-C9A6-46BE-8FBA-3170C54F1DFD}.Release|Win32.ActiveCfg = Release|Win32
		{B86059D8-C9A6-46BE-8FBA-3170C54F1DFD}.Release|Win32.Build.0 = Release|Win32
		{95804E5F-B69E-4E2A-925E-52FAFC19EDBF}.C core (Deprecated)|Win32.ActiveCfg = Release|Win32
		{95804E5F-B69E-4E2A-925E-52FAFC19EDBF}.C core (Deprecated)|Win32.Build.0 = Release|Win32
		{95804E5F-B69E-4E2A-925E-52FAFC19EDBF}.Debug|Win32.ActiveCfg = Debug|Win32
		{95804E5F-B69E-4E2A-925E-52FAFC19EDBF}.Debug|Win32.Build.0 = Debug|Win32
		{95804E5F-B69E-4E2A-925E-52FAFC19EDBF}.Release FastBuild|Win32.ActiveCfg = Release|Win32
		{95804E5F-B69E-4E2A-925E-52FAFC19EDBF}.Release FastBuild|Win32.Build.0 = Release|Win32
		{95804E5F-B69E-4E2A-925E-52FAFC19EDBF}.Release|Win32.ActiveCfg = Release|Win32
		{95804E5F-B69E-4E2A-925E-52FAFC19EDBF}.Release|Win32.Build.0 = Release|Win32
		{99E9817A-4605-44AF-8433-7048F0EC1859}.C core (Deprecated)|Win32.ActiveCfg = Release|Win32
		{99E9817A-4605-44AF-8433-7048F0EC1859}.C core (Deprecated)|Win32.Build.0 = Release|Win32
		{99E9817A-4605-44AF-8433-7048F0EC1859}.Debug|Win32.ActiveCfg = Debug|Win32
		{99E9817A-4605-44AF-8433-7048F0EC1859}.Debug|Win32.Build.0 = Debug|Win32
		{99E9817A-4605-44AF-8433-7048F0EC1859}.Release FastBuild|Win32.ActiveCfg = Release|Win32
		{99E9817A-4605-44AF-8433-7048F0EC1859}.Release FastBuild|Win32.Build.0 = Release|Win32
		{99E9817A-4605-44AF-8433-7048F0EC1859}.Release|Win32.ActiveCfg = Release|Win32
		{99E9817A-4605-44AF-8433-7048F0EC1859}.Release|Win32.Build.0 = Release|Win32
	EndGlobalSection
	GlobalSection(SolutionProperties) = preSolution
		HideSolutionNode = FALSE
	EndGlobalSection
	GlobalSection(ExtensibilityGlobals) = postSolution
		SolutionGuid = {6D6FA3FC-57DC-4067-82EC-38FE60454CC8}
	EndGlobalSection
EndGlobal
