<?xml version="1.0" encoding="utf-8"?>
<Project ToolsVersion="4.0" xmlns="http://schemas.microsoft.com/developer/msbuild/2003">
  <ItemGroup>
    <Filter Include="GUI">
      <UniqueIdentifier>{5c33762b-ae07-40b3-9a6f-2e721de5686a}</UniqueIdentifier>
    </Filter>
    <Filter Include="Emu">
      <UniqueIdentifier>{28204e53-08e9-48e0-a504-31791c25308e}</UniqueIdentifier>
    </Filter>
    <Filter Include="UnZip">
      <UniqueIdentifier>{81e93774-7c83-4c3a-a21d-0c4a8ad74432}</UniqueIdentifier>
    </Filter>
    <Filter Include="JMA">
      <UniqueIdentifier>{9adba0d4-f789-4719-8c56-3d2f0129fc10}</UniqueIdentifier>
    </Filter>
    <Filter Include="Resource">
      <UniqueIdentifier>{c461e06b-b615-4cda-8899-8d541202b23b}</UniqueIdentifier>
    </Filter>
    <Filter Include="Resource\Other">
      <UniqueIdentifier>{d50eeafb-8d3e-4b82-88ac-37bed06f7cfa}</UniqueIdentifier>
    </Filter>
    <Filter Include="i386">
      <UniqueIdentifier>{a2727807-4c75-4d6a-8d30-6febcb07fc8c}</UniqueIdentifier>
    </Filter>
  </ItemGroup>
  <ItemGroup>
    <ClCompile Include="auxmath.cpp">
      <Filter>GUI</Filter>
    </ClCompile>
    <ClCompile Include="AVIOutput.cpp">
      <Filter>GUI</Filter>
    </ClCompile>
    <ClCompile Include="CDirectDraw.cpp">
      <Filter>GUI</Filter>
    </ClCompile>
    <ClCompile Include="CDirectSound.cpp">
      <Filter>GUI</Filter>
    </ClCompile>
    <ClCompile Include="CFMOD.cpp">
      <Filter>GUI</Filter>
    </ClCompile>
    <ClCompile Include="CFMODEx.cpp">
      <Filter>GUI</Filter>
    </ClCompile>
    <ClCompile Include="CWindow.cpp">
      <Filter>GUI</Filter>
    </ClCompile>
    <ClCompile Include="CXAudio2.cpp">
      <Filter>GUI</Filter>
    </ClCompile>
    <ClCompile Include="Direct3D.cpp">
      <Filter>GUI</Filter>
    </ClCompile>
    <ClCompile Include="InputCustom.cpp">
      <Filter>GUI</Filter>
    </ClCompile>
    <ClCompile Include="lazymacro.cpp">
      <Filter>GUI</Filter>
    </ClCompile>
    <ClCompile Include="luaconsole.cpp">
      <Filter>GUI</Filter>
    </ClCompile>
    <ClCompile Include="memView.cpp">
      <Filter>GUI</Filter>
    </ClCompile>
    <ClCompile Include="oldramsearch.cpp">
      <Filter>GUI</Filter>
    </ClCompile>
    <ClCompile Include="ram_search.cpp">
      <Filter>GUI</Filter>
    </ClCompile>
    <ClCompile Include="ramwatch.cpp">
      <Filter>GUI</Filter>
    </ClCompile>
    <ClCompile Include="render.cpp">
      <Filter>GUI</Filter>
    </ClCompile>
    <ClCompile Include="snes_ntsc.c">
      <Filter>GUI</Filter>
    </ClCompile>
    <ClCompile Include="WAVOutput.cpp">
      <Filter>GUI</Filter>
    </ClCompile>
    <ClCompile Include="wconfig.cpp">
      <Filter>GUI</Filter>
    </ClCompile>
    <ClCompile Include="win32-snapshot.cpp">
      <Filter>GUI</Filter>
    </ClCompile>
    <ClCompile Include="win32.cpp">
      <Filter>GUI</Filter>
    </ClCompile>
    <ClCompile Include="win32_sound.cpp">
      <Filter>GUI</Filter>
    </ClCompile>
    <ClCompile Include="winaddcheat.cpp">
      <Filter>GUI</Filter>
    </ClCompile>
    <ClCompile Include="wincheat.cpp">
      <Filter>GUI</Filter>
    </ClCompile>
    <ClCompile Include="wsnes9x.cpp">
      <Filter>GUI</Filter>
    </ClCompile>
    <ClCompile Include="..\2xsai.cpp">
      <Filter>Emu</Filter>
    </ClCompile>
    <ClCompile Include="..\aggdraw.cpp">
      <Filter>Emu</Filter>
    </ClCompile>
    <ClCompile Include="..\apu.cpp">
      <Filter>Emu</Filter>
    </ClCompile>
    <ClCompile Include="..\apudebug.cpp">
      <Filter>Emu</Filter>
    </ClCompile>
    <ClCompile Include="..\c4.cpp">
      <Filter>Emu</Filter>
    </ClCompile>
    <ClCompile Include="..\c4emu.cpp">
      <Filter>Emu</Filter>
    </ClCompile>
    <ClCompile Include="..\cheats.cpp">
      <Filter>Emu</Filter>
    </ClCompile>
    <ClCompile Include="..\cheats2.cpp">
      <Filter>Emu</Filter>
    </ClCompile>
    <ClCompile Include="..\clip.cpp">
      <Filter>Emu</Filter>
    </ClCompile>
    <ClCompile Include="..\conffile.cpp">
      <Filter>Emu</Filter>
    </ClCompile>
    <ClCompile Include="..\cpu.cpp">
      <Filter>Emu</Filter>
    </ClCompile>
    <ClCompile Include="..\cpuexec.cpp">
      <Filter>Emu</Filter>
    </ClCompile>
    <ClCompile Include="..\cpuexec_sub.cpp">
      <Filter>Emu</Filter>
    </ClCompile>
    <ClCompile Include="..\cpuops.cpp">
      <Filter>Emu</Filter>
    </ClCompile>
    <ClCompile Include="..\data.cpp">
      <Filter>Emu</Filter>
    </ClCompile>
    <ClCompile Include="..\debug.cpp">
      <Filter>Emu</Filter>
    </ClCompile>
    <ClCompile Include="..\disasm.cpp">
      <Filter>Emu</Filter>
    </ClCompile>
    <ClCompile Include="..\dma.cpp">
      <Filter>Emu</Filter>
    </ClCompile>
    <ClCompile Include="..\dsp1.cpp">
      <Filter>Emu</Filter>
    </ClCompile>
    <ClCompile Include="..\dsp3emu.cpp">
      <Filter>Emu</Filter>
    </ClCompile>
    <ClCompile Include="..\dsp4emu.cpp">
      <Filter>Emu</Filter>
    </ClCompile>
    <ClCompile Include="..\fxdbg.cpp">
      <Filter>Emu</Filter>
    </ClCompile>
    <ClCompile Include="..\fxemu.cpp">
      <Filter>Emu</Filter>
    </ClCompile>
    <ClCompile Include="..\fxinst.cpp">
      <Filter>Emu</Filter>
    </ClCompile>
    <ClCompile Include="..\gfx.cpp">
      <Filter>Emu</Filter>
    </ClCompile>
    <ClCompile Include="..\globals.cpp">
      <Filter>Emu</Filter>
    </ClCompile>
    <ClCompile Include="..\GPU_osd.cpp">
      <Filter>Emu</Filter>
    </ClCompile>
    <ClCompile Include="..\loadzip.cpp">
      <Filter>Emu</Filter>
    </ClCompile>
    <ClCompile Include="..\logger.cpp">
      <Filter>Emu</Filter>
    </ClCompile>
    <ClCompile Include="..\lua-engine.cpp">
      <Filter>Emu</Filter>
    </ClCompile>
    <ClCompile Include="..\memmap.cpp">
      <Filter>Emu</Filter>
    </ClCompile>
    <ClCompile Include="..\movie.cpp">
      <Filter>Emu</Filter>
    </ClCompile>
    <ClCompile Include="..\netplay.cpp">
      <Filter>Emu</Filter>
    </ClCompile>
    <ClCompile Include="..\obc1.cpp">
      <Filter>Emu</Filter>
    </ClCompile>
    <ClCompile Include="..\ppu.cpp">
      <Filter>Emu</Filter>
    </ClCompile>
    <ClCompile Include="..\reader.cpp">
      <Filter>Emu</Filter>
    </ClCompile>
    <ClCompile Include="..\sa1.cpp">
      <Filter>Emu</Filter>
    </ClCompile>
    <ClCompile Include="..\sa1cpu.cpp">
      <Filter>Emu</Filter>
    </ClCompile>
    <ClCompile Include="..\screenshot.cpp">
      <Filter>Emu</Filter>
    </ClCompile>
    <ClCompile Include="..\sdd1.cpp">
      <Filter>Emu</Filter>
    </ClCompile>
    <ClCompile Include="..\sdd1emu.cpp">
      <Filter>Emu</Filter>
    </ClCompile>
    <ClCompile Include="..\server.cpp">
      <Filter>Emu</Filter>
    </ClCompile>
    <ClCompile Include="..\seta.cpp">
      <Filter>Emu</Filter>
    </ClCompile>
    <ClCompile Include="..\seta010.cpp">
      <Filter>Emu</Filter>
    </ClCompile>
    <ClCompile Include="..\seta011.cpp">
      <Filter>Emu</Filter>
    </ClCompile>
    <ClCompile Include="..\seta018.cpp">
      <Filter>Emu</Filter>
    </ClCompile>
    <ClCompile Include="..\snaporig.cpp">
      <Filter>Emu</Filter>
    </ClCompile>
    <ClCompile Include="..\snapshot.cpp">
      <Filter>Emu</Filter>
    </ClCompile>
    <ClCompile Include="..\snes9x.cpp">
      <Filter>Emu</Filter>
    </ClCompile>
    <ClCompile Include="..\soundux.cpp">
      <Filter>Emu</Filter>
    </ClCompile>
    <ClCompile Include="..\spc700.cpp">
      <Filter>Emu</Filter>
    </ClCompile>
    <ClCompile Include="..\spc7110.cpp">
      <Filter>Emu</Filter>
    </ClCompile>
    <ClCompile Include="..\srtc.cpp">
      <Filter>Emu</Filter>
    </ClCompile>
    <ClCompile Include="..\tile.cpp">
      <Filter>Emu</Filter>
    </ClCompile>
    <ClCompile Include="..\unzip\explode.c">
      <Filter>UnZip</Filter>
    </ClCompile>
    <ClCompile Include="..\unzip\unreduce.c">
      <Filter>UnZip</Filter>
    </ClCompile>
    <ClCompile Include="..\unzip\unshrink.c">
      <Filter>UnZip</Filter>
    </ClCompile>
    <ClCompile Include="..\unzip\unzip.c">
      <Filter>UnZip</Filter>
    </ClCompile>
    <ClCompile Include="..\jma\7zlzma.cpp">
      <Filter>JMA</Filter>
    </ClCompile>
    <ClCompile Include="..\jma\crc32.cpp">
      <Filter>JMA</Filter>
    </ClCompile>
    <ClCompile Include="..\jma\iiostrm.cpp">
      <Filter>JMA</Filter>
    </ClCompile>
    <ClCompile Include="..\jma\inbyte.cpp">
      <Filter>JMA</Filter>
    </ClCompile>
    <ClCompile Include="..\jma\jma.cpp">
      <Filter>JMA</Filter>
    </ClCompile>
    <ClCompile Include="..\jma\lzma.cpp">
      <Filter>JMA</Filter>
    </ClCompile>
    <ClCompile Include="..\jma\lzmadec.cpp">
      <Filter>JMA</Filter>
    </ClCompile>
    <ClCompile Include="..\jma\s9x-jma.cpp">
      <Filter>JMA</Filter>
    </ClCompile>
    <ClCompile Include="..\jma\winout.cpp">
      <Filter>JMA</Filter>
    </ClCompile>
    <ClCompile Include="..\offsets.cpp">
      <Filter>i386</Filter>
    </ClCompile>
    <ClCompile Include="ioapi.c" />
  </ItemGroup>
  <ItemGroup>
    <ClInclude Include="auxmath.h">
      <Filter>GUI</Filter>
    </ClInclude>
    <ClInclude Include="AVIOutput.h">
      <Filter>GUI</Filter>
    </ClInclude>
    <ClInclude Include="CDirectDraw.h">
      <Filter>GUI</Filter>
    </ClInclude>
    <ClInclude Include="CDirectSound.h">
      <Filter>GUI</Filter>
    </ClInclude>
    <ClInclude Include="CFMOD.h">
      <Filter>GUI</Filter>
    </ClInclude>
    <ClInclude Include="CFMODEx.h">
      <Filter>GUI</Filter>
    </ClInclude>
    <ClInclude Include="CWindow.h">
      <Filter>GUI</Filter>
    </ClInclude>
    <ClInclude Include="CXAudio2.h">
      <Filter>GUI</Filter>
    </ClInclude>
    <ClInclude Include="Direct3D.h">
      <Filter>GUI</Filter>
    </ClInclude>
    <ClInclude Include="InputCustom.h">
      <Filter>GUI</Filter>
    </ClInclude>
    <ClInclude Include="IS9xSoundOutput.h">
      <Filter>GUI</Filter>
    </ClInclude>
    <ClInclude Include="lazymacro.h">
      <Filter>GUI</Filter>
    </ClInclude>
    <ClInclude Include="memView.h">
      <Filter>GUI</Filter>
    </ClInclude>
    <ClInclude Include="oldramsearch.h">
      <Filter>GUI</Filter>
    </ClInclude>
    <ClInclude Include="ram_search.h">
      <Filter>GUI</Filter>
    </ClInclude>
    <ClInclude Include="ramwatch.h">
      <Filter>GUI</Filter>
    </ClInclude>
    <ClInclude Include="render.h">
      <Filter>GUI</Filter>
    </ClInclude>
    <ClInclude Include="snes_ntsc.h">
      <Filter>GUI</Filter>
    </ClInclude>
    <ClInclude Include="snes_ntsc_config.h">
      <Filter>GUI</Filter>
    </ClInclude>
    <ClInclude Include="snes_ntsc_impl.h">
      <Filter>GUI</Filter>
    </ClInclude>
    <ClInclude Include="WAVOutput.h">
      <Filter>GUI</Filter>
    </ClInclude>
    <ClInclude Include="win32-snapshot.h">
      <Filter>GUI</Filter>
    </ClInclude>
    <ClInclude Include="wlanguage.h">
      <Filter>GUI</Filter>
    </ClInclude>
    <ClInclude Include="wsnes9x.h">
      <Filter>GUI</Filter>
    </ClInclude>
    <ClInclude Include="..\3d.h">
      <Filter>Emu</Filter>
    </ClInclude>
    <ClInclude Include="..\65c816.h">
      <Filter>Emu</Filter>
    </ClInclude>
    <ClInclude Include="..\agg2d.h">
      <Filter>Emu</Filter>
    </ClInclude>
    <ClInclude Include="..\aggdraw.h">
      <Filter>Emu</Filter>
    </ClInclude>
    <ClInclude Include="..\apu.h">
      <Filter>Emu</Filter>
    </ClInclude>
    <ClInclude Include="..\apumem.h">
      <Filter>Emu</Filter>
    </ClInclude>
    <ClInclude Include="..\c4.h">
      <Filter>Emu</Filter>
    </ClInclude>
    <ClInclude Include="..\cheats.h">
      <Filter>Emu</Filter>
    </ClInclude>
    <ClInclude Include="..\conffile.h">
      <Filter>Emu</Filter>
    </ClInclude>
    <ClInclude Include="..\copyright.h">
      <Filter>Emu</Filter>
    </ClInclude>
    <ClInclude Include="..\cpuaddr.h">
      <Filter>Emu</Filter>
    </ClInclude>
    <ClInclude Include="..\cpuexec.h">
      <Filter>Emu</Filter>
    </ClInclude>
    <ClInclude Include="..\cpuexec_sub.h">
      <Filter>Emu</Filter>
    </ClInclude>
    <ClInclude Include="..\cpumacro.h">
      <Filter>Emu</Filter>
    </ClInclude>
    <ClInclude Include="..\cpuops.h">
      <Filter>Emu</Filter>
    </ClInclude>
    <ClInclude Include="..\debug.h">
      <Filter>Emu</Filter>
    </ClInclude>
    <ClInclude Include="..\disasm.h">
      <Filter>Emu</Filter>
    </ClInclude>
    <ClInclude Include="..\display.h">
      <Filter>Emu</Filter>
    </ClInclude>
    <ClInclude Include="..\dma.h">
      <Filter>Emu</Filter>
    </ClInclude>
    <ClInclude Include="..\dsp1.h">
      <Filter>Emu</Filter>
    </ClInclude>
    <ClInclude Include="..\font.h">
      <Filter>Emu</Filter>
    </ClInclude>
    <ClInclude Include="..\getset.h">
      <Filter>Emu</Filter>
    </ClInclude>
    <ClInclude Include="..\gfx.h">
      <Filter>Emu</Filter>
    </ClInclude>
    <ClInclude Include="..\GPU_osd.h">
      <Filter>Emu</Filter>
    </ClInclude>
    <ClInclude Include="..\language.h">
      <Filter>Emu</Filter>
    </ClInclude>
    <ClInclude Include="..\logger.h">
      <Filter>Emu</Filter>
    </ClInclude>
    <ClInclude Include="..\lua-engine.h">
      <Filter>Emu</Filter>
    </ClInclude>
    <ClInclude Include="..\memmap.h">
      <Filter>Emu</Filter>
    </ClInclude>
    <ClInclude Include="..\messages.h">
      <Filter>Emu</Filter>
    </ClInclude>
    <ClInclude Include="..\missing.h">
      <Filter>Emu</Filter>
    </ClInclude>
    <ClInclude Include="..\movie.h">
      <Filter>Emu</Filter>
    </ClInclude>
    <ClInclude Include="..\netplay.h">
      <Filter>Emu</Filter>
    </ClInclude>
    <ClInclude Include="..\pixform.h">
      <Filter>Emu</Filter>
    </ClInclude>
    <ClInclude Include="..\port.h">
      <Filter>Emu</Filter>
    </ClInclude>
    <ClInclude Include="..\ppu.h">
      <Filter>Emu</Filter>
    </ClInclude>
    <ClInclude Include="..\reader.h">
      <Filter>Emu</Filter>
    </ClInclude>
    <ClInclude Include="..\sdd1emu.h">
      <Filter>Emu</Filter>
    </ClInclude>
    <ClInclude Include="..\seta.h">
      <Filter>Emu</Filter>
    </ClInclude>
    <ClInclude Include="..\snaporig.h">
      <Filter>Emu</Filter>
    </ClInclude>
    <ClInclude Include="..\snapshot.h">
      <Filter>Emu</Filter>
    </ClInclude>
    <ClInclude Include="..\snes9x.h">
      <Filter>Emu</Filter>
    </ClInclude>
    <ClInclude Include="..\soundux.h">
      <Filter>Emu</Filter>
    </ClInclude>
    <ClInclude Include="..\spc700.h">
      <Filter>Emu</Filter>
    </ClInclude>
    <ClInclude Include="..\spc7110.h">
      <Filter>Emu</Filter>
    </ClInclude>
    <ClInclude Include="..\srtc.h">
      <Filter>Emu</Filter>
    </ClInclude>
    <ClInclude Include="..\tile.h">
      <Filter>Emu</Filter>
    </ClInclude>
    <ClInclude Include="..\types.h">
      <Filter>Emu</Filter>
    </ClInclude>
    <ClInclude Include="..\version.h">
      <Filter>Emu</Filter>
    </ClInclude>
    <ClInclude Include="..\unzip\unz.h">
      <Filter>UnZip</Filter>
    </ClInclude>
    <ClInclude Include="..\unzip\unzip.h">
      <Filter>UnZip</Filter>
    </ClInclude>
    <ClInclude Include="..\unzip\unzipP.h">
      <Filter>UnZip</Filter>
    </ClInclude>
    <ClInclude Include="..\jma\7z.h">
      <Filter>JMA</Filter>
    </ClInclude>
    <ClInclude Include="..\jma\aribitcd.h">
      <Filter>JMA</Filter>
    </ClInclude>
    <ClInclude Include="..\jma\ariconst.h">
      <Filter>JMA</Filter>
    </ClInclude>
    <ClInclude Include="..\jma\ariprice.h">
      <Filter>JMA</Filter>
    </ClInclude>
    <ClInclude Include="..\jma\btreecd.h">
      <Filter>JMA</Filter>
    </ClInclude>
    <ClInclude Include="..\jma\crc32.h">
      <Filter>JMA</Filter>
    </ClInclude>
    <ClInclude Include="..\jma\iiostrm.h">
      <Filter>JMA</Filter>
    </ClInclude>
    <ClInclude Include="..\jma\inbyte.h">
      <Filter>JMA</Filter>
    </ClInclude>
    <ClInclude Include="..\jma\jma.h">
      <Filter>JMA</Filter>
    </ClInclude>
    <ClInclude Include="..\jma\lencoder.h">
      <Filter>JMA</Filter>
    </ClInclude>
    <ClInclude Include="..\jma\litcoder.h">
      <Filter>JMA</Filter>
    </ClInclude>
    <ClInclude Include="..\jma\lzma.h">
      <Filter>JMA</Filter>
    </ClInclude>
    <ClInclude Include="..\jma\lzmadec.h">
      <Filter>JMA</Filter>
    </ClInclude>
    <ClInclude Include="..\jma\portable.h">
      <Filter>JMA</Filter>
    </ClInclude>
    <ClInclude Include="..\jma\rcdefs.h">
      <Filter>JMA</Filter>
    </ClInclude>
    <ClInclude Include="..\jma\rngcoder.h">
      <Filter>JMA</Filter>
    </ClInclude>
    <ClInclude Include="..\jma\s9x-jma.h">
      <Filter>JMA</Filter>
    </ClInclude>
    <ClInclude Include="..\jma\winout.h">
      <Filter>JMA</Filter>
    </ClInclude>
    <ClInclude Include="rsrc\resource.h">
      <Filter>Resource</Filter>
    </ClInclude>
  </ItemGroup>
  <ItemGroup>
    <ResourceCompile Include="rsrc\snes9x.rc">
      <Filter>Resource</Filter>
    </ResourceCompile>
  </ItemGroup>
  <ItemGroup>
    <None Include="rsrc\cdd.bmp">
      <Filter>Resource\Other</Filter>
    </None>
    <None Include="rsrc\closedfold.bmp">
      <Filter>Resource\Other</Filter>
    </None>
    <None Include="rsrc\hd.bmp">
      <Filter>Resource\Other</Filter>
    </None>
    <None Include="rsrc\hiddir.bmp">
      <Filter>Resource\Other</Filter>
    </None>
    <None Include="rsrc\icon1.ico">
      <Filter>Resource\Other</Filter>
    </None>
    <None Include="rsrc\nd.bmp">
      <Filter>Resource\Other</Filter>
    </None>
    <None Include="rsrc\nodrop.cur">
      <Filter>Resource\Other</Filter>
    </None>
    <None Include="rsrc\openfold.bmp">
      <Filter>Resource\Other</Filter>
    </None>
    <None Include="rsrc\pad.bmp">
      <Filter>Resource\Other</Filter>
    </None>
    <None Include="rsrc\ram.bmp">
      <Filter>Resource\Other</Filter>
    </None>
    <None Include="rsrc\rd.bmp">
      <Filter>Resource\Other</Filter>
    </None>
    <None Include="rsrc\rodir.bmp">
      <Filter>Resource\Other</Filter>
    </None>
    <None Include="rsrc\rt_manif.bin">
      <Filter>Resource\Other</Filter>
    </None>
    <None Include="rsrc\ud.bmp">
      <Filter>Resource\Other</Filter>
    </None>
  </ItemGroup>
  <ItemGroup>
    <CustomBuildStep Include="..\dsp4.h">
      <Filter>Emu</Filter>
    </CustomBuildStep>
    <CustomBuildStep Include="..\fxemu.h">
      <Filter>Emu</Filter>
    </CustomBuildStep>
    <CustomBuildStep Include="..\fxinst.h">
      <Filter>Emu</Filter>
    </CustomBuildStep>
  </ItemGroup>
  <ItemGroup>
    <CustomBuild Include="..\i386\2XSAIMMX.ASM">
      <Filter>i386</Filter>
    </CustomBuild>
    <CustomBuild Include="..\i386\bilinear.asm">
      <Filter>i386</Filter>
    </CustomBuild>
    <CustomBuild Include="..\i386\C4.ASM">
      <Filter>i386</Filter>
    </CustomBuild>
    <CustomBuild Include="..\i386\cpuexec.S">
      <Filter>i386</Filter>
    </CustomBuild>
    <CustomBuild Include="..\i386\cpuops.S">
      <Filter>i386</Filter>
    </CustomBuild>
    <CustomBuild Include="..\i386\fxemu2.asm">
      <Filter>i386</Filter>
    </CustomBuild>
    <CustomBuild Include="..\i386\fxemu2b.asm">
      <Filter>i386</Filter>
    </CustomBuild>
    <CustomBuild Include="..\i386\fxemu2c.asm">
      <Filter>i386</Filter>
    </CustomBuild>
    <CustomBuild Include="..\i386\fxtable.asm">
      <Filter>i386</Filter>
    </CustomBuild>
    <CustomBuild Include="..\i386\sa1ops.S">
      <Filter>i386</Filter>
    </CustomBuild>
    <CustomBuild Include="..\i386\sfxproc.asm">
      <Filter>i386</Filter>
    </CustomBuild>
    <CustomBuild Include="..\i386\SPC.ASM">
      <Filter>i386</Filter>
    </CustomBuild>
    <CustomBuild Include="..\i386\ZSNES.ASM">
      <Filter>i386</Filter>
    </CustomBuild>
    <CustomBuild Include="..\i386\zsnesc4.asm">
      <Filter>i386</Filter>
    </CustomBuild>
  </ItemGroup>
</Project>